
Microsoft Visual Studio Solution File, Format Version 12.00
# Visual Studio 2012
Project("{FAE04EC0-301F-11D3-BF4B-00C04F79EFBC}") = "zbrozonoid", "zbrozonoid\zbrozonoid.csproj", "{6B5C45CE-6081-4CB1-BDB3-6065B6E4E219}"
EndProject
Project("{FAE04EC0-301F-11D3-BF4B-00C04F79EFBC}") = "zbrozonoidAssets", "zbrozonoidAssets\zbrozonoidAssets.csproj", "{F685B5FD-651C-48F9-8C3D-A34487E6BF0F}"
EndProject
Project("{FAE04EC0-301F-11D3-BF4B-00C04F79EFBC}") = "zbrozonoidEngine", "zbrozonoidEngine\zbrozonoidEngine.csproj", "{E7D3C331-2757-4963-B21C-EBF7EAA05111}"
EndProject
Global
	GlobalSection(SolutionConfigurationPlatforms) = preSolution
		Debug|x86 = Debug|x86
		Release|x86 = Release|x86
	EndGlobalSection
	GlobalSection(ProjectConfigurationPlatforms) = postSolution
		{6B5C45CE-6081-4CB1-BDB3-6065B6E4E219}.Debug|x86.ActiveCfg = Debug|x86
		{6B5C45CE-6081-4CB1-BDB3-6065B6E4E219}.Debug|x86.Build.0 = Debug|x86
		{6B5C45CE-6081-4CB1-BDB3-6065B6E4E219}.Release|x86.ActiveCfg = Release|x86
		{6B5C45CE-6081-4CB1-BDB3-6065B6E4E219}.Release|x86.Build.0 = Release|x86
		{F685B5FD-651C-48F9-8C3D-A34487E6BF0F}.Debug|x86.ActiveCfg = Debug|Any CPU
		{F685B5FD-651C-48F9-8C3D-A34487E6BF0F}.Debug|x86.Build.0 = Debug|Any CPU
		{F685B5FD-651C-48F9-8C3D-A34487E6BF0F}.Release|x86.ActiveCfg = Release|Any CPU
		{F685B5FD-651C-48F9-8C3D-A34487E6BF0F}.Release|x86.Build.0 = Release|Any CPU
		{E7D3C331-2757-4963-B21C-EBF7EAA05111}.Debug|x86.ActiveCfg = Debug|Any CPU
		{E7D3C331-2757-4963-B21C-EBF7EAA05111}.Debug|x86.Build.0 = Debug|Any CPU
		{E7D3C331-2757-4963-B21C-EBF7EAA05111}.Release|x86.ActiveCfg = Release|Any CPU
		{E7D3C331-2757-4963-B21C-EBF7EAA05111}.Release|x86.Build.0 = Release|Any CPU
	EndGlobalSection
EndGlobal
